Microsoft Visual Studio Solution File, Format Version 12.00
# Visual Studio Version 17
VisualStudioVersion = 17.5.2.0
MinimumVisualStudioVersion = 10.0.40219.1
Project("{2150E333-8FDC-42A3-9474-1A3956D46DE8}") = "Chapter10", "Chapter10", "{B86BD613-55CA-C1BC-5DC3-0A10E4DC00CB}"
EndProject
Project("{2150E333-8FDC-42A3-9474-1A3956D46DE8}") = "Chapter11", "Chapter11", "{43311E6C-D350-5839-0ADA-B8F795BBD3A8}"
EndProject
Project("{2150E333-8FDC-42A3-9474-1A3956D46DE8}") = "Chapter14", "Chapter14", "{4A2D037E-8A2A-E2BD-4D08-85571B7BE112}"
EndProject
Project("{2150E333-8FDC-42A3-9474-1A3956D46DE8}") = "JobDemo", "JobDemo", "{6E06F136-067E-4CF7-EC27-4B17FB61656D}"
EndProject
Project("{FAE04EC0-301F-11D3-BF4B-00C04F79EFBC}") = "JobDemoApp", "Chapter10\JobDemo\JobDemoApp.csproj", "{F91FD8F6-479D-6C0B-86B1-BAFE8F7B48FB}"
EndProject
Project("{FAE04EC0-301F-11D3-BF4B-00C04F79EFBC}") = "DebugEleven01", "Chapter11\DebugEleven01\DebugEleven01.csproj", "{10C640AA-EB76-91C5-9F31-22B89A58290F}"
EndProject
Project("{FAE04EC0-301F-11D3-BF4B-00C04F79EFBC}") = "FindSquareRoot.cs", "Chapter11\FindSquareRoot.cs\FindSquareRoot.cs.csproj", "{870E60F7-BAE5-315F-7ED7-44553AE80101}"
EndProject
Project("{FAE04EC0-301F-11D3-BF4B-00C04F79EFBC}") = "SubscriptionExceptionTest.cs", "Chapter11\SubscriptionExceptionTest.cs\SubscriptionExceptionTest.cs.csproj", "{D6DF54E9-EBE9-B4B0-E445-1A77D2CFE982}"
EndProject
Project("{2150E333-8FDC-42A3-9474-1A3956D46DE8}") = "Chapter14", "Chapter14", "{58016CE7-1FDF-5462-6058-DCFFE43BA71D}"
EndProject
Project("{FAE04EC0-301F-11D3-BF4B-00C04F79EFBC}") = "FindPatientRecords", "Chapter14\Chapter14\FindPatientRecords.csproj", "{2F86B6CC-7537-0708-B0D1-3D9AD8270E5A}"
EndProject
Project("{FAE04EC0-301F-11D3-BF4B-00C04F79EFBC}") = "FileEditor", "Chapter14\FileEditor\FileEditor.csproj", "{AA65C762-C15C-01DB-8119-0A7941E732A8}"
EndProject
Project("{2150E333-8FDC-42A3-9474-1A3956D46DE8}") = "10_3", "10_3", "{6CE503AA-3DAD-A79C-FD7D-05490AF8E5CE}"
EndProject
Project("{2150E333-8FDC-42A3-9474-1A3956D46DE8}") = "JobDemo3App", "JobDemo3App", "{D2E95C95-EF44-84E3-43E6-9AA6C709192D}"
EndProject
Project("{2150E333-8FDC-42A3-9474-1A3956D46DE8}") = "JobDemo3App", "JobDemo3App", "{0B0BDDE5-B3CE-258E-A52E-7D0F024847EB}"
EndProject
Project("{FAE04EC0-301F-11D3-BF4B-00C04F79EFBC}") = "JobDemo", "Chapter10\10_3\JobDemo3App\JobDemo3App\JobDemo\JobDemo.csproj", "{51919021-63F5-837D-5611-343080004C0E}"
EndProject
Global
	GlobalSection(SolutionConfigurationPlatforms) = preSolution
		Debug|Any CPU = Debug|Any CPU
		Release|Any CPU = Release|Any CPU
	EndGlobalSection
	GlobalSection(ProjectConfigurationPlatforms) = postSolution
		{F91FD8F6-479D-6C0B-86B1-BAFE8F7B48FB}.Debug|Any CPU.ActiveCfg = Debug|Any CPU
		{F91FD8F6-479D-6C0B-86B1-BAFE8F7B48FB}.Debug|Any CPU.Build.0 = Debug|Any CPU
		{F91FD8F6-479D-6C0B-86B1-BAFE8F7B48FB}.Release|Any CPU.ActiveCfg = Release|Any CPU
		{F91FD8F6-479D-6C0B-86B1-BAFE8F7B48FB}.Release|Any CPU.Build.0 = Release|Any CPU
		{10C640AA-EB76-91C5-9F31-22B89A58290F}.Debug|Any CPU.ActiveCfg = Debug|Any CPU
		{10C640AA-EB76-91C5-9F31-22B89A58290F}.Debug|Any CPU.Build.0 = Debug|Any CPU
		{10C640AA-EB76-91C5-9F31-22B89A58290F}.Release|Any CPU.ActiveCfg = Release|Any CPU
		{10C640AA-EB76-91C5-9F31-22B89A58290F}.Release|Any CPU.Build.0 = Release|Any CPU
		{870E60F7-BAE5-315F-7ED7-44553AE80101}.Debug|Any CPU.ActiveCfg = Debug|Any CPU
		{870E60F7-BAE5-315F-7ED7-44553AE80101}.Debug|Any CPU.Build.0 = Debug|Any CPU
		{870E60F7-BAE5-315F-7ED7-44553AE80101}.Release|Any CPU.ActiveCfg = Release|Any CPU
		{870E60F7-BAE5-315F-7ED7-44553AE80101}.Release|Any CPU.Build.0 = Release|Any CPU
		{D6DF54E9-EBE9-B4B0-E445-1A77D2CFE982}.Debug|Any CPU.ActiveCfg = Debug|Any CPU
		{D6DF54E9-EBE9-B4B0-E445-1A77D2CFE982}.Debug|Any CPU.Build.0 = Debug|Any CPU
		{D6DF54E9-EBE9-B4B0-E445-1A77D2CFE982}.Release|Any CPU.ActiveCfg = Release|Any CPU
		{D6DF54E9-EBE9-B4B0-E445-1A77D2CFE982}.Release|Any CPU.Build.0 = Release|Any CPU
		{2F86B6CC-7537-0708-B0D1-3D9AD8270E5A}.Debug|Any CPU.ActiveCfg = Debug|Any CPU
		{2F86B6CC-7537-0708-B0D1-3D9AD8270E5A}.Debug|Any CPU.Build.0 = Debug|Any CPU
		{2F86B6CC-7537-0708-B0D1-3D9AD8270E5A}.Release|Any CPU.ActiveCfg = Release|Any CPU
		{2F86B6CC-7537-0708-B0D1-3D9AD8270E5A}.Release|Any CPU.Build.0 = Release|Any CPU
		{AA65C762-C15C-01DB-8119-0A7941E732A8}.Debug|Any CPU.ActiveCfg = Debug|Any CPU
		{AA65C762-C15C-01DB-8119-0A7941E732A8}.Debug|Any CPU.Build.0 = Debug|Any CPU
		{AA65C762-C15C-01DB-8119-0A7941E732A8}.Release|Any CPU.ActiveCfg = Release|Any CPU
		{AA65C762-C15C-01DB-8119-0A7941E732A8}.Release|Any CPU.Build.0 = Release|Any CPU
		{51919021-63F5-837D-5611-343080004C0E}.Debug|Any CPU.ActiveCfg = Debug|Any CPU
		{51919021-63F5-837D-5611-343080004C0E}.Debug|Any CPU.Build.0 = Debug|Any CPU
		{51919021-63F5-837D-5611-343080004C0E}.Release|Any CPU.ActiveCfg = Release|Any CPU
		{51919021-63F5-837D-5611-343080004C0E}.Release|Any CPU.Build.0 = Release|Any CPU
	EndGlobalSection
	GlobalSection(SolutionProperties) = preSolution
		HideSolutionNode = FALSE
	EndGlobalSection
	GlobalSection(NestedProjects) = preSolution
		{6E06F136-067E-4CF7-EC27-4B17FB61656D} = {B86BD613-55CA-C1BC-5DC3-0A10E4DC00CB}
		{F91FD8F6-479D-6C0B-86B1-BAFE8F7B48FB} = {6E06F136-067E-4CF7-EC27-4B17FB61656D}
		{10C640AA-EB76-91C5-9F31-22B89A58290F} = {43311E6C-D350-5839-0ADA-B8F795BBD3A8}
		{870E60F7-BAE5-315F-7ED7-44553AE80101} = {43311E6C-D350-5839-0ADA-B8F795BBD3A8}
		{D6DF54E9-EBE9-B4B0-E445-1A77D2CFE982} = {43311E6C-D350-5839-0ADA-B8F795BBD3A8}
		{58016CE7-1FDF-5462-6058-DCFFE43BA71D} = {4A2D037E-8A2A-E2BD-4D08-85571B7BE112}
		{2F86B6CC-7537-0708-B0D1-3D9AD8270E5A} = {58016CE7-1FDF-5462-6058-DCFFE43BA71D}
		{AA65C762-C15C-01DB-8119-0A7941E732A8} = {4A2D037E-8A2A-E2BD-4D08-85571B7BE112}
		{6CE503AA-3DAD-A79C-FD7D-05490AF8E5CE} = {B86BD613-55CA-C1BC-5DC3-0A10E4DC00CB}
		{D2E95C95-EF44-84E3-43E6-9AA6C709192D} = {6CE503AA-3DAD-A79C-FD7D-05490AF8E5CE}
		{0B0BDDE5-B3CE-258E-A52E-7D0F024847EB} = {D2E95C95-EF44-84E3-43E6-9AA6C709192D}
		{51919021-63F5-837D-5611-343080004C0E} = {0B0BDDE5-B3CE-258E-A52E-7D0F024847EB}
	EndGlobalSection
	GlobalSection(ExtensibilityGlobals) = postSolution
		SolutionGuid = {9415698A-1B57-4389-81AF-D96F9E6E9816}
	EndGlobalSection
EndGlobal
